
Microsoft Visual Studio Solution File, Format Version 12.00
# Visual Studio Version 17
VisualStudioVersion = 17.5.33516.290
MinimumVisualStudioVersion = 10.0.40219.1
Project("{9A19103F-16F7-4668-BE54-9A1E7A4F7556}") = "MR.Server", "Server\MR.Server.csproj", "{AA1B7983-F8C7-4657-8B7A-69F93A452729}"
EndProject
Project("{9A19103F-16F7-4668-BE54-9A1E7A4F7556}") = "MR.Client", "Client\MR.Client.csproj", "{C7088BD9-7D64-4A09-BCFD-2DA4A07C71BA}"
EndProject
Project("{9A19103F-16F7-4668-BE54-9A1E7A4F7556}") = "MR.Shared", "Shared\MR.Shared.csproj", "{26D414CB-7A1A-455C-B29B-F9F68E716C98}"
EndProject
Project("{9A19103F-16F7-4668-BE54-9A1E7A4F7556}") = "MR.Domain", "MR.Domain\MR.Domain.csproj", "{9292377F-F8DB-4EB7-B486-B1BE47D659BF}"
EndProject
Project("{9A19103F-16F7-4668-BE54-9A1E7A4F7556}") = "MR.Infrastructure", "MR.Infrastructure\MR.Infrastructure.csproj", "{89FFCD6E-A3DA-47B5-B99C-3AC9C4756854}"
EndProject
Project("{9A19103F-16F7-4668-BE54-9A1E7A4F7556}") = "MR.Persistence", "MR.Persistence\MR.Persistence.csproj", "{A331A7C0-D543-4972-B902-B538AE95DFFD}"
EndProject
Project("{9A19103F-16F7-4668-BE54-9A1E7A4F7556}") = "MR.Service", "MR.Service\MR.Service.csproj", "{5E4039E3-4E69-4341-B8AC-1D06248B9798}"
EndProject
Project("{2150E333-8FDC-42A3-9474-1A3956D46DE8}") = "Presentation", "Presentation", "{54110292-8BB0-4F85-9B3B-F870E8CE1126}"
EndProject
Project("{2150E333-8FDC-42A3-9474-1A3956D46DE8}") = "docs", "docs", "{F7DD1815-B9A1-40B5-A9A4-B7109E2FA17E}"
	ProjectSection(SolutionItems) = preProject
		docs\architecture_diagram.png = docs\architecture_diagram.png
		docs\DropAllTablesInSchema.txt = docs\DropAllTablesInSchema.txt
		docs\EFCommands.txt = docs\EFCommands.txt
		TODO.txt = TODO.txt
		docs\WhatDTODataAnnotationsCanIUse.md = docs\WhatDTODataAnnotationsCanIUse.md
	EndProjectSection
EndProject
Project("{2150E333-8FDC-42A3-9474-1A3956D46DE8}") = "Infrastructure", "Infrastructure", "{2B26CB7E-EEAF-40A5-913E-F3DD0A5FEB6B}"
EndProject
Global
	GlobalSection(SolutionConfigurationPlatforms) = preSolution
		Debug|Any CPU = Debug|Any CPU
		Release|Any CPU = Release|Any CPU
	EndGlobalSection
	GlobalSection(ProjectConfigurationPlatforms) = postSolution
		{AA1B7983-F8C7-4657-8B7A-69F93A452729}.Debug|Any CPU.ActiveCfg = Debug|Any CPU
		{AA1B7983-F8C7-4657-8B7A-69F93A452729}.Debug|Any CPU.Build.0 = Debug|Any CPU
		{AA1B7983-F8C7-4657-8B7A-69F93A452729}.Release|Any CPU.ActiveCfg = Release|Any CPU
		{AA1B7983-F8C7-4657-8B7A-69F93A452729}.Release|Any CPU.Build.0 = Release|Any CPU
		{C7088BD9-7D64-4A09-BCFD-2DA4A07C71BA}.Debug|Any CPU.ActiveCfg = Debug|Any CPU
		{C7088BD9-7D64-4A09-BCFD-2DA4A07C71BA}.Debug|Any CPU.Build.0 = Debug|Any CPU
		{C7088BD9-7D64-4A09-BCFD-2DA4A07C71BA}.Release|Any CPU.ActiveCfg = Release|Any CPU
		{C7088BD9-7D64-4A09-BCFD-2DA4A07C71BA}.Release|Any CPU.Build.0 = Release|Any CPU
		{26D414CB-7A1A-455C-B29B-F9F68E716C98}.Debug|Any CPU.ActiveCfg = Debug|Any CPU
		{26D414CB-7A1A-455C-B29B-F9F68E716C98}.Debug|Any CPU.Build.0 = Debug|Any CPU
		{26D414CB-7A1A-455C-B29B-F9F68E716C98}.Release|Any CPU.ActiveCfg = Release|Any CPU
		{26D414CB-7A1A-455C-B29B-F9F68E716C98}.Release|Any CPU.Build.0 = Release|Any CPU
		{9292377F-F8DB-4EB7-B486-B1BE47D659BF}.Debug|Any CPU.ActiveCfg = Debug|Any CPU
		{9292377F-F8DB-4EB7-B486-B1BE47D659BF}.Debug|Any CPU.Build.0 = Debug|Any CPU
		{9292377F-F8DB-4EB7-B486-B1BE47D659BF}.Release|Any CPU.ActiveCfg = Release|Any CPU
		{9292377F-F8DB-4EB7-B486-B1BE47D659BF}.Release|Any CPU.Build.0 = Release|Any CPU
		{89FFCD6E-A3DA-47B5-B99C-3AC9C4756854}.Debug|Any CPU.ActiveCfg = Debug|Any CPU
		{89FFCD6E-A3DA-47B5-B99C-3AC9C4756854}.Debug|Any CPU.Build.0 = Debug|Any CPU
		{89FFCD6E-A3DA-47B5-B99C-3AC9C4756854}.Release|Any CPU.ActiveCfg = Release|Any CPU
		{89FFCD6E-A3DA-47B5-B99C-3AC9C4756854}.Release|Any CPU.Build.0 = Release|Any CPU
		{A331A7C0-D543-4972-B902-B538AE95DFFD}.Debug|Any CPU.ActiveCfg = Debug|Any CPU
		{A331A7C0-D543-4972-B902-B538AE95DFFD}.Debug|Any CPU.Build.0 = Debug|Any CPU
		{A331A7C0-D543-4972-B902-B538AE95DFFD}.Release|Any CPU.ActiveCfg = Release|Any CPU
		{A331A7C0-D543-4972-B902-B538AE95DFFD}.Release|Any CPU.Build.0 = Release|Any CPU
		{5E4039E3-4E69-4341-B8AC-1D06248B9798}.Debug|Any CPU.ActiveCfg = Debug|Any CPU
		{5E4039E3-4E69-4341-B8AC-1D06248B9798}.Debug|Any CPU.Build.0 = Debug|Any CPU
		{5E4039E3-4E69-4341-B8AC-1D06248B9798}.Release|Any CPU.ActiveCfg = Release|Any CPU
		{5E4039E3-4E69-4341-B8AC-1D06248B9798}.Release|Any CPU.Build.0 = Release|Any CPU
	EndGlobalSection
	GlobalSection(SolutionProperties) = preSolution
		HideSolutionNode = FALSE
	EndGlobalSection
	GlobalSection(NestedProjects) = preSolution
		{AA1B7983-F8C7-4657-8B7A-69F93A452729} = {54110292-8BB0-4F85-9B3B-F870E8CE1126}
		{C7088BD9-7D64-4A09-BCFD-2DA4A07C71BA} = {54110292-8BB0-4F85-9B3B-F870E8CE1126}
		{26D414CB-7A1A-455C-B29B-F9F68E716C98} = {54110292-8BB0-4F85-9B3B-F870E8CE1126}
		{9292377F-F8DB-4EB7-B486-B1BE47D659BF} = {2B26CB7E-EEAF-40A5-913E-F3DD0A5FEB6B}
		{89FFCD6E-A3DA-47B5-B99C-3AC9C4756854} = {2B26CB7E-EEAF-40A5-913E-F3DD0A5FEB6B}
		{A331A7C0-D543-4972-B902-B538AE95DFFD} = {2B26CB7E-EEAF-40A5-913E-F3DD0A5FEB6B}
		{5E4039E3-4E69-4341-B8AC-1D06248B9798} = {2B26CB7E-EEAF-40A5-913E-F3DD0A5FEB6B}
	EndGlobalSection
	GlobalSection(ExtensibilityGlobals) = postSolution
		SolutionGuid = {BED68434-2FA3-42C1-AA4D-2570C4E4BC4A}
	EndGlobalSection
EndGlobal
